
Microsoft Visual Studio Solution File, Format Version 12.00
# Visual Studio 15
VisualStudioVersion = 15.0.28307.168
MinimumVisualStudioVersion = 10.0.40219.1
Project("{FAE04EC0-301F-11D3-BF4B-00C04F79EFBC}") = "FirstSample", "FirstSample\FirstSample.csproj", "{98C3C234-AD5A-4104-98CA-54CB60440FFF}"
EndProject
Global
	GlobalSection(SolutionConfigurationPlatforms) = preSolution
		Debug|Any CPU = Debug|Any CPU
		Release|Any CPU = Release|Any CPU
	EndGlobalSection
	GlobalSection(ProjectConfigurationPlatforms) = postSolution
		{98C3C234-AD5A-4104-98CA-54CB60440FFF}.Debug|Any CPU.ActiveCfg = Debug|Any CPU
		{98C3C234-AD5A-4104-98CA-54CB60440FFF}.Debug|Any CPU.Build.0 = Debug|Any CPU
		{98C3C234-AD5A-4104-98CA-54CB60440FFF}.Release|Any CPU.ActiveCfg = Release|Any CPU
		{98C3C234-AD5A-4104-98CA-54CB60440FFF}.Release|Any CPU.Build.0 = Release|Any CPU
	EndGlobalSection
	GlobalSection(SolutionProperties) = preSolution
		HideSolutionNode = FALSE
	EndGlobalSection
	GlobalSection(ExtensibilityGlobals) = postSolution
		SolutionGuid = {26DDA374-5A81-447E-B74E-CC04E3EC2084}
	EndGlobalSection
EndGlobal
