
Microsoft Visual Studio Solution File, Format Version 12.00
# Visual Studio 15
VisualStudioVersion = 15.0.28307.168
MinimumVisualStudioVersion = 10.0.40219.1
Project("{9A19103F-16F7-4668-BE54-9A1E7A4F7556}") = "OwnedEntities", "OwnedEntities.csproj", "{061AC7CD-C687-4ED9-A68F-E1434C827759}"
EndProject
Global
	GlobalSection(SolutionConfigurationPlatforms) = preSolution
		Debug|Any CPU = Debug|Any CPU
		Release|Any CPU = Release|Any CPU
	EndGlobalSection
	GlobalSection(ProjectConfigurationPlatforms) = postSolution
		{061AC7CD-C687-4ED9-A68F-E1434C827759}.Debug|Any CPU.ActiveCfg = Debug|Any CPU
		{061AC7CD-C687-4ED9-A68F-E1434C827759}.Debug|Any CPU.Build.0 = Debug|Any CPU
		{061AC7CD-C687-4ED9-A68F-E1434C827759}.Release|Any CPU.ActiveCfg = Release|Any CPU
		{061AC7CD-C687-4ED9-A68F-E1434C827759}.Release|Any CPU.Build.0 = Release|Any CPU
	EndGlobalSection
	GlobalSection(SolutionProperties) = preSolution
		HideSolutionNode = FALSE
	EndGlobalSection
	GlobalSection(ExtensibilityGlobals) = postSolution
		SolutionGuid = {69AF215F-92A9-4637-8A65-17CC652A6744}
	EndGlobalSection
EndGlobal
