
Microsoft Visual Studio Solution File, Format Version 12.00
# Visual Studio 15
VisualStudioVersion = 15.0.28307.168
MinimumVisualStudioVersion = 10.0.40219.1
Project("{FAE04EC0-301F-11D3-BF4B-00C04F79EFBC}") = "AmbientTransactionsSample", "AmbientTransactionsSample\AmbientTransactionsSample.csproj", "{AFCD2450-5A3E-4158-9E2F-AD032CE08499}"
EndProject
Global
	GlobalSection(SolutionConfigurationPlatforms) = preSolution
		Debug|Any CPU = Debug|Any CPU
		Release|Any CPU = Release|Any CPU
	EndGlobalSection
	GlobalSection(ProjectConfigurationPlatforms) = postSolution
		{AFCD2450-5A3E-4158-9E2F-AD032CE08499}.Debug|Any CPU.ActiveCfg = Debug|Any CPU
		{AFCD2450-5A3E-4158-9E2F-AD032CE08499}.Debug|Any CPU.Build.0 = Debug|Any CPU
		{AFCD2450-5A3E-4158-9E2F-AD032CE08499}.Release|Any CPU.ActiveCfg = Release|Any CPU
		{AFCD2450-5A3E-4158-9E2F-AD032CE08499}.Release|Any CPU.Build.0 = Release|Any CPU
	EndGlobalSection
	GlobalSection(SolutionProperties) = preSolution
		HideSolutionNode = FALSE
	EndGlobalSection
	GlobalSection(ExtensibilityGlobals) = postSolution
		SolutionGuid = {82495C3E-93E5-4AD6-9BF6-E9E0A0696087}
	EndGlobalSection
EndGlobal
